
Microsoft Visual Studio Solution File, Format Version 12.00
# Visual Studio 15
VisualStudioVersion = 15.0.28307.421
MinimumVisualStudioVersion = 10.0.40219.1
Project("{9A19103F-16F7-4668-BE54-9A1E7A4F7556}") = "RecipeDomain", "RecipeDomain\RecipeDomain.csproj", "{CBB97934-A97E-4040-92BB-A555078FA848}"
EndProject
Project("{9A19103F-16F7-4668-BE54-9A1E7A4F7556}") = "RecipeApplication", "RecipeApplication\RecipeApplication.csproj", "{C7C4FACE-C052-429B-AD9B-82FDC354EF3F}"
EndProject
Project("{9A19103F-16F7-4668-BE54-9A1E7A4F7556}") = "RecipeRepository", "RecipeRepository\RecipeRepository.csproj", "{D2D1ED76-98D6-4373-A44B-143CE38BC74E}"
EndProject
Project("{9092AA53-FB77-4645-B42D-1CCCA6BD08BD}") = "RecipeNode", "RecipeNode\RecipeNode.njsproj", "{8E8D47D7-2407-4865-8285-CD94B8D6CC2A}"
EndProject
Global
	GlobalSection(SolutionConfigurationPlatforms) = preSolution
		Debug|Any CPU = Debug|Any CPU
		Debug|x86 = Debug|x86
		Release|Any CPU = Release|Any CPU
		Release|x86 = Release|x86
	EndGlobalSection
	GlobalSection(ProjectConfigurationPlatforms) = postSolution
		{CBB97934-A97E-4040-92BB-A555078FA848}.Debug|Any CPU.ActiveCfg = Debug|Any CPU
		{CBB97934-A97E-4040-92BB-A555078FA848}.Debug|Any CPU.Build.0 = Debug|Any CPU
		{CBB97934-A97E-4040-92BB-A555078FA848}.Debug|x86.ActiveCfg = Debug|Any CPU
		{CBB97934-A97E-4040-92BB-A555078FA848}.Debug|x86.Build.0 = Debug|Any CPU
		{CBB97934-A97E-4040-92BB-A555078FA848}.Release|Any CPU.ActiveCfg = Release|Any CPU
		{CBB97934-A97E-4040-92BB-A555078FA848}.Release|Any CPU.Build.0 = Release|Any CPU
		{CBB97934-A97E-4040-92BB-A555078FA848}.Release|x86.ActiveCfg = Release|Any CPU
		{CBB97934-A97E-4040-92BB-A555078FA848}.Release|x86.Build.0 = Release|Any CPU
		{C7C4FACE-C052-429B-AD9B-82FDC354EF3F}.Debug|Any CPU.ActiveCfg = Debug|Any CPU
		{C7C4FACE-C052-429B-AD9B-82FDC354EF3F}.Debug|Any CPU.Build.0 = Debug|Any CPU
		{C7C4FACE-C052-429B-AD9B-82FDC354EF3F}.Debug|x86.ActiveCfg = Debug|Any CPU
		{C7C4FACE-C052-429B-AD9B-82FDC354EF3F}.Debug|x86.Build.0 = Debug|Any CPU
		{C7C4FACE-C052-429B-AD9B-82FDC354EF3F}.Release|Any CPU.ActiveCfg = Release|Any CPU
		{C7C4FACE-C052-429B-AD9B-82FDC354EF3F}.Release|Any CPU.Build.0 = Release|Any CPU
		{C7C4FACE-C052-429B-AD9B-82FDC354EF3F}.Release|x86.ActiveCfg = Release|Any CPU
		{C7C4FACE-C052-429B-AD9B-82FDC354EF3F}.Release|x86.Build.0 = Release|Any CPU
		{D2D1ED76-98D6-4373-A44B-143CE38BC74E}.Debug|Any CPU.ActiveCfg = Debug|Any CPU
		{D2D1ED76-98D6-4373-A44B-143CE38BC74E}.Debug|Any CPU.Build.0 = Debug|Any CPU
		{D2D1ED76-98D6-4373-A44B-143CE38BC74E}.Debug|x86.ActiveCfg = Debug|Any CPU
		{D2D1ED76-98D6-4373-A44B-143CE38BC74E}.Debug|x86.Build.0 = Debug|Any CPU
		{D2D1ED76-98D6-4373-A44B-143CE38BC74E}.Release|Any CPU.ActiveCfg = Release|Any CPU
		{D2D1ED76-98D6-4373-A44B-143CE38BC74E}.Release|Any CPU.Build.0 = Release|Any CPU
		{D2D1ED76-98D6-4373-A44B-143CE38BC74E}.Release|x86.ActiveCfg = Release|Any CPU
		{D2D1ED76-98D6-4373-A44B-143CE38BC74E}.Release|x86.Build.0 = Release|Any CPU
		{8E8D47D7-2407-4865-8285-CD94B8D6CC2A}.Debug|Any CPU.ActiveCfg = Debug|Any CPU
		{8E8D47D7-2407-4865-8285-CD94B8D6CC2A}.Debug|Any CPU.Build.0 = Debug|Any CPU
		{8E8D47D7-2407-4865-8285-CD94B8D6CC2A}.Debug|x86.ActiveCfg = Debug|Any CPU
		{8E8D47D7-2407-4865-8285-CD94B8D6CC2A}.Debug|x86.Build.0 = Debug|Any CPU
		{8E8D47D7-2407-4865-8285-CD94B8D6CC2A}.Release|Any CPU.ActiveCfg = Release|Any CPU
		{8E8D47D7-2407-4865-8285-CD94B8D6CC2A}.Release|Any CPU.Build.0 = Release|Any CPU
		{8E8D47D7-2407-4865-8285-CD94B8D6CC2A}.Release|x86.ActiveCfg = Release|Any CPU
		{8E8D47D7-2407-4865-8285-CD94B8D6CC2A}.Release|x86.Build.0 = Release|Any CPU
	EndGlobalSection
	GlobalSection(SolutionProperties) = preSolution
		HideSolutionNode = FALSE
	EndGlobalSection
	GlobalSection(ExtensibilityGlobals) = postSolution
		SolutionGuid = {5E152462-099D-45FE-8146-F2784637ED9E}
	EndGlobalSection
EndGlobal
